
Microsoft Visual Studio Solution File, Format Version 12.00
# Visual Studio Version 16
VisualStudioVersion = 16.0.31702.278
MinimumVisualStudioVersion = 10.0.40219.1
Project("{FAE04EC0-301F-11D3-BF4B-00C04F79EFBC}") = "LearnComputerInfo", "LearnComputerInfo\LearnComputerInfo.csproj", "{D88E8F70-2725-46AC-B53E-3A427FF1DCD5}"
EndProject
Global
	GlobalSection(SolutionConfigurationPlatforms) = preSolution
		Debug|Any CPU = Debug|Any CPU
		Release|Any CPU = Release|Any CPU
	EndGlobalSection
	GlobalSection(ProjectConfigurationPlatforms) = postSolution
		{D88E8F70-2725-46AC-B53E-3A427FF1DCD5}.Debug|Any CPU.ActiveCfg = Debug|Any CPU
		{D88E8F70-2725-46AC-B53E-3A427FF1DCD5}.Debug|Any CPU.Build.0 = Debug|Any CPU
		{D88E8F70-2725-46AC-B53E-3A427FF1DCD5}.Release|Any CPU.ActiveCfg = Release|Any CPU
		{D88E8F70-2725-46AC-B53E-3A427FF1DCD5}.Release|Any CPU.Build.0 = Release|Any CPU
	EndGlobalSection
	GlobalSection(SolutionProperties) = preSolution
		HideSolutionNode = FALSE
	EndGlobalSection
	GlobalSection(ExtensibilityGlobals) = postSolution
		SolutionGuid = {F0EE7E12-FD62-4628-AA75-DB0E3227129D}
	EndGlobalSection
EndGlobal
